// !$*UTF8*$!
{
	archiveVersion = 1;
	classes = {
	};
	objectVersion = 56;
	objects = {

/* Begin PBXBuildFile section */
		CF04583B2B63CB9600E3CB27 /* AppDelegate.swift in Sources */ = {isa = PBXBuildFile; fileRef = CF04583A2B63CB9600E3CB27 /* AppDelegate.swift */; };
		CF04583D2B63CB9600E3CB27 /* SceneDelegate.swift in Sources */ = {isa = PBXBuildFile; fileRef = CF04583C2B63CB9600E3CB27 /* SceneDelegate.swift */; };
		CF0458442B63CB9700E3CB27 /* Assets.xcassets in Resources */ = {isa = PBXBuildFile; fileRef = CF0458432B63CB9700E3CB27 /* Assets.xcassets */; };
		CF0458472B63CB9700E3CB27 /* LaunchScreen.storyboard in Resources */ = {isa = PBXBuildFile; fileRef = CF0458452B63CB9700E3CB27 /* LaunchScreen.storyboard */; };
		CF04584F2B63E1C100E3CB27 /* HomeViewController.swift in Sources */ = {isa = PBXBuildFile; fileRef = CF04584E2B63E1C100E3CB27 /* HomeViewController.swift */; };
		CF0458512B63E74700E3CB27 /* CartViewController.swift in Sources */ = {isa = PBXBuildFile; fileRef = CF0458502B63E74700E3CB27 /* CartViewController.swift */; };
		CF0458532B63FA2F00E3CB27 /* Books.swift in Sources */ = {isa = PBXBuildFile; fileRef = CF0458522B63FA2F00E3CB27 /* Books.swift */; };
		CF0458552B63FB7900E3CB27 /* APIManager.swift in Sources */ = {isa = PBXBuildFile; fileRef = CF0458542B63FB7900E3CB27 /* APIManager.swift */; };
		CF0458572B6441F400E3CB27 /* ErrorHandling.swift in Sources */ = {isa = PBXBuildFile; fileRef = CF0458562B6441F400E3CB27 /* ErrorHandling.swift */; };
		CF0458592B64436700E3CB27 /* BooksService.swift in Sources */ = {isa = PBXBuildFile; fileRef = CF0458582B64436700E3CB27 /* BooksService.swift */; };
		CF04585B2B66E35F00E3CB27 /* HomeViewModel.swift in Sources */ = {isa = PBXBuildFile; fileRef = CF04585A2B66E35F00E3CB27 /* HomeViewModel.swift */; };
		CF04585E2B66E86E00E3CB27 /* RxBlocking in Frameworks */ = {isa = PBXBuildFile; productRef = CF04585D2B66E86E00E3CB27 /* RxBlocking */; };
		CF0458602B66E86E00E3CB27 /* RxBlocking-Dynamic in Frameworks */ = {isa = PBXBuildFile; productRef = CF04585F2B66E86E00E3CB27 /* RxBlocking-Dynamic */; };
		CF0458622B66E86E00E3CB27 /* RxCocoa in Frameworks */ = {isa = PBXBuildFile; productRef = CF0458612B66E86E00E3CB27 /* RxCocoa */; };
		CF0458642B66E86E00E3CB27 /* RxCocoa-Dynamic in Frameworks */ = {isa = PBXBuildFile; productRef = CF0458632B66E86E00E3CB27 /* RxCocoa-Dynamic */; };
		CF0458662B66E86E00E3CB27 /* RxRelay in Frameworks */ = {isa = PBXBuildFile; productRef = CF0458652B66E86E00E3CB27 /* RxRelay */; };
		CF0458682B67945600E3CB27 /* BookTableViewCell.swift in Sources */ = {isa = PBXBuildFile; fileRef = CF0458672B67945600E3CB27 /* BookTableViewCell.swift */; };
		CF04586B2B67A15000E3CB27 /* UIImageView.swift in Sources */ = {isa = PBXBuildFile; fileRef = CF04586A2B67A15000E3CB27 /* UIImageView.swift */; };
		CF04586D2B682FD300E3CB27 /* DetailViewController.swift in Sources */ = {isa = PBXBuildFile; fileRef = CF04586C2B682FD300E3CB27 /* DetailViewController.swift */; };
		CF0458702B6839E400E3CB27 /* Hero in Frameworks */ = {isa = PBXBuildFile; productRef = CF04586F2B6839E400E3CB27 /* Hero */; };
		CF0458722B684A2600E3CB27 /* DetailViewModel.swift in Sources */ = {isa = PBXBuildFile; fileRef = CF0458712B684A2600E3CB27 /* DetailViewModel.swift */; };
		CF0458742B685C8200E3CB27 /* CartManager.swift in Sources */ = {isa = PBXBuildFile; fileRef = CF0458732B685C8200E3CB27 /* CartManager.swift */; };
/* End PBXBuildFile section */

/* Begin PBXFileReference section */
		CF0458372B63CB9600E3CB27 /* HenryPotier.app */ = {isa = PBXFileReference; explicitFileType = wrapper.application; includeInIndex = 0; path = HenryPotier.app; sourceTree = BUILT_PRODUCTS_DIR; };
		CF04583A2B63CB9600E3CB27 /* AppDelegate.swift */ = {isa = PBXFileReference; lastKnownFileType = sourcecode.swift; path = AppDelegate.swift; sourceTree = "<group>"; };
		CF04583C2B63CB9600E3CB27 /* SceneDelegate.swift */ = {isa = PBXFileReference; lastKnownFileType = sourcecode.swift; path = SceneDelegate.swift; sourceTree = "<group>"; };
		CF0458432B63CB9700E3CB27 /* Assets.xcassets */ = {isa = PBXFileReference; lastKnownFileType = folder.assetcatalog; path = Assets.xcassets; sourceTree = "<group>"; };
		CF0458462B63CB9700E3CB27 /* Base */ = {isa = PBXFileReference; lastKnownFileType = file.storyboard; name = Base; path = Base.lproj/LaunchScreen.storyboard; sourceTree = "<group>"; };
		CF0458482B63CB9700E3CB27 /* Info.plist */ = {isa = PBXFileReference; lastKnownFileType = text.plist.xml; path = Info.plist; sourceTree = "<group>"; };
		CF04584E2B63E1C100E3CB27 /* HomeViewController.swift */ = {isa = PBXFileReference; lastKnownFileType = sourcecode.swift; path = HomeViewController.swift; sourceTree = "<group>"; };
		CF0458502B63E74700E3CB27 /* CartViewController.swift */ = {isa = PBXFileReference; lastKnownFileType = sourcecode.swift; path = CartViewController.swift; sourceTree = "<group>"; };
		CF0458522B63FA2F00E3CB27 /* Books.swift */ = {isa = PBXFileReference; lastKnownFileType = sourcecode.swift; path = Books.swift; sourceTree = "<group>"; };
		CF0458542B63FB7900E3CB27 /* APIManager.swift */ = {isa = PBXFileReference; lastKnownFileType = sourcecode.swift; path = APIManager.swift; sourceTree = "<group>"; };
		CF0458562B6441F400E3CB27 /* ErrorHandling.swift */ = {isa = PBXFileReference; lastKnownFileType = sourcecode.swift; path = ErrorHandling.swift; sourceTree = "<group>"; };
		CF0458582B64436700E3CB27 /* BooksService.swift */ = {isa = PBXFileReference; lastKnownFileType = sourcecode.swift; path = BooksService.swift; sourceTree = "<group>"; };
		CF04585A2B66E35F00E3CB27 /* HomeViewModel.swift */ = {isa = PBXFileReference; lastKnownFileType = sourcecode.swift; path = HomeViewModel.swift; sourceTree = "<group>"; };
		CF0458672B67945600E3CB27 /* BookTableViewCell.swift */ = {isa = PBXFileReference; lastKnownFileType = sourcecode.swift; path = BookTableViewCell.swift; sourceTree = "<group>"; };
		CF04586A2B67A15000E3CB27 /* UIImageView.swift */ = {isa = PBXFileReference; lastKnownFileType = sourcecode.swift; path = UIImageView.swift; sourceTree = "<group>"; };
		CF04586C2B682FD300E3CB27 /* DetailViewController.swift */ = {isa = PBXFileReference; lastKnownFileType = sourcecode.swift; path = DetailViewController.swift; sourceTree = "<group>"; };
		CF0458712B684A2600E3CB27 /* DetailViewModel.swift */ = {isa = PBXFileReference; lastKnownFileType = sourcecode.swift; path = DetailViewModel.swift; sourceTree = "<group>"; };
		CF0458732B685C8200E3CB27 /* CartManager.swift */ = {isa = PBXFileReference; lastKnownFileType = sourcecode.swift; path = CartManager.swift; sourceTree = "<group>"; };
/* End PBXFileReference section */

/* Begin PBXFrameworksBuildPhase section */
		CF0458342B63CB9600E3CB27 /* Frameworks */ = {
			isa = PBXFrameworksBuildPhase;
			buildActionMask = 2147483647;
			files = (
				CF0458662B66E86E00E3CB27 /* RxRelay in Frameworks */,
				CF0458642B66E86E00E3CB27 /* RxCocoa-Dynamic in Frameworks */,
				CF0458622B66E86E00E3CB27 /* RxCocoa in Frameworks */,
				CF04585E2B66E86E00E3CB27 /* RxBlocking in Frameworks */,
				CF0458702B6839E400E3CB27 /* Hero in Frameworks */,
				CF0458602B66E86E00E3CB27 /* RxBlocking-Dynamic in Frameworks */,
			);
			runOnlyForDeploymentPostprocessing = 0;
		};
/* End PBXFrameworksBuildPhase section */

/* Begin PBXGroup section */
		CF04582E2B63CB9600E3CB27 = {
			isa = PBXGroup;
			children = (
				CF0458392B63CB9600E3CB27 /* HenryPotier */,
				CF0458382B63CB9600E3CB27 /* Products */,
			);
			sourceTree = "<group>";
		};
		CF0458382B63CB9600E3CB27 /* Products */ = {
			isa = PBXGroup;
			children = (
				CF0458372B63CB9600E3CB27 /* HenryPotier.app */,
			);
			name = Products;
			sourceTree = "<group>";
		};
		CF0458392B63CB9600E3CB27 /* HenryPotier */ = {
			isa = PBXGroup;
			children = (
				CF0458692B679D7000E3CB27 /* Extensions */,
				CF04583A2B63CB9600E3CB27 /* AppDelegate.swift */,
				CF04583C2B63CB9600E3CB27 /* SceneDelegate.swift */,
				CF04584E2B63E1C100E3CB27 /* HomeViewController.swift */,
				CF0458502B63E74700E3CB27 /* CartViewController.swift */,
				CF0458432B63CB9700E3CB27 /* Assets.xcassets */,
				CF0458452B63CB9700E3CB27 /* LaunchScreen.storyboard */,
				CF0458482B63CB9700E3CB27 /* Info.plist */,
				CF0458522B63FA2F00E3CB27 /* Books.swift */,
				CF0458542B63FB7900E3CB27 /* APIManager.swift */,
				CF0458562B6441F400E3CB27 /* ErrorHandling.swift */,
				CF0458582B64436700E3CB27 /* BooksService.swift */,
				CF04585A2B66E35F00E3CB27 /* HomeViewModel.swift */,
				CF0458672B67945600E3CB27 /* BookTableViewCell.swift */,
				CF04586C2B682FD300E3CB27 /* DetailViewController.swift */,
				CF0458712B684A2600E3CB27 /* DetailViewModel.swift */,
				CF0458732B685C8200E3CB27 /* CartManager.swift */,
			);
			path = HenryPotier;
			sourceTree = "<group>";
		};
		CF0458692B679D7000E3CB27 /* Extensions */ = {
			isa = PBXGroup;
			children = (
				CF04586A2B67A15000E3CB27 /* UIImageView.swift */,
			);
			path = Extensions;
			sourceTree = "<group>";
		};
/* End PBXGroup section */

/* Begin PBXNativeTarget section */
		CF0458362B63CB9600E3CB27 /* HenryPotier */ = {
			isa = PBXNativeTarget;
			buildConfigurationList = CF04584B2B63CB9700E3CB27 /* Build configuration list for PBXNativeTarget "HenryPotier" */;
			buildPhases = (
				CF0458332B63CB9600E3CB27 /* Sources */,
				CF0458342B63CB9600E3CB27 /* Frameworks */,
				CF0458352B63CB9600E3CB27 /* Resources */,
			);
			buildRules = (
			);
			dependencies = (
			);
			name = HenryPotier;
			packageProductDependencies = (
				CF04585D2B66E86E00E3CB27 /* RxBlocking */,
				CF04585F2B66E86E00E3CB27 /* RxBlocking-Dynamic */,
				CF0458612B66E86E00E3CB27 /* RxCocoa */,
				CF0458632B66E86E00E3CB27 /* RxCocoa-Dynamic */,
				CF0458652B66E86E00E3CB27 /* RxRelay */,
				CF04586F2B6839E400E3CB27 /* Hero */,
			);
			productName = HenryPotier;
			productReference = CF0458372B63CB9600E3CB27 /* HenryPotier.app */;
			productType = "com.apple.product-type.application";
		};
/* End PBXNativeTarget section */

/* Begin PBXProject section */
		CF04582F2B63CB9600E3CB27 /* Project object */ = {
			isa = PBXProject;
			attributes = {
				BuildIndependentTargetsInParallel = 1;
				LastSwiftUpdateCheck = 1520;
				LastUpgradeCheck = 1520;
				TargetAttributes = {
					CF0458362B63CB9600E3CB27 = {
						CreatedOnToolsVersion = 15.2;
					};
				};
			};
			buildConfigurationList = CF0458322B63CB9600E3CB27 /* Build configuration list for PBXProject "HenryPotier" */;
			compatibilityVersion = "Xcode 14.0";
			developmentRegion = en;
			hasScannedForEncodings = 0;
			knownRegions = (
				en,
				Base,
			);
			mainGroup = CF04582E2B63CB9600E3CB27;
			packageReferences = (
				CF04585C2B66E86E00E3CB27 /* XCRemoteSwiftPackageReference "RxSwift" */,
				CF04586E2B6839E400E3CB27 /* XCRemoteSwiftPackageReference "Hero" */,
			);
			productRefGroup = CF0458382B63CB9600E3CB27 /* Products */;
			projectDirPath = "";
			projectRoot = "";
			targets = (
				CF0458362B63CB9600E3CB27 /* HenryPotier */,
			);
		};
/* End PBXProject section */

/* Begin PBXResourcesBuildPhase section */
		CF0458352B63CB9600E3CB27 /* Resources */ = {
			isa = PBXResourcesBuildPhase;
			buildActionMask = 2147483647;
			files = (
				CF0458472B63CB9700E3CB27 /* LaunchScreen.storyboard in Resources */,
				CF0458442B63CB9700E3CB27 /* Assets.xcassets in Resources */,
			);
			runOnlyForDeploymentPostprocessing = 0;
		};
/* End PBXResourcesBuildPhase section */

/* Begin PBXSourcesBuildPhase section */
		CF0458332B63CB9600E3CB27 /* Sources */ = {
			isa = PBXSourcesBuildPhase;
			buildActionMask = 2147483647;
			files = (
				CF0458552B63FB7900E3CB27 /* APIManager.swift in Sources */,
				CF04585B2B66E35F00E3CB27 /* HomeViewModel.swift in Sources */,
				CF0458512B63E74700E3CB27 /* CartViewController.swift in Sources */,
				CF04586D2B682FD300E3CB27 /* DetailViewController.swift in Sources */,
				CF0458572B6441F400E3CB27 /* ErrorHandling.swift in Sources */,
				CF04583B2B63CB9600E3CB27 /* AppDelegate.swift in Sources */,
				CF0458592B64436700E3CB27 /* BooksService.swift in Sources */,
				CF04586B2B67A15000E3CB27 /* UIImageView.swift in Sources */,
				CF04583D2B63CB9600E3CB27 /* SceneDelegate.swift in Sources */,
				CF0458742B685C8200E3CB27 /* CartManager.swift in Sources */,
				CF0458722B684A2600E3CB27 /* DetailViewModel.swift in Sources */,
				CF04584F2B63E1C100E3CB27 /* HomeViewController.swift in Sources */,
				CF0458682B67945600E3CB27 /* BookTableViewCell.swift in Sources */,
				CF0458532B63FA2F00E3CB27 /* Books.swift in Sources */,
			);
			runOnlyForDeploymentPostprocessing = 0;
		};
/* End PBXSourcesBuildPhase section */

/* Begin PBXVariantGroup section */
		CF0458452B63CB9700E3CB27 /* LaunchScreen.storyboard */ = {
			isa = PBXVariantGroup;
			children = (
				CF0458462B63CB9700E3CB27 /* Base */,
			);
			name = LaunchScreen.storyboard;
			sourceTree = "<group>";
		};
/* End PBXVariantGroup section */

/* Begin XCBuildConfiguration section */
		CF0458492B63CB9700E3CB27 /* Debug */ = {
			isa = XCBuildConfiguration;
			buildSettings = {
				ALWAYS_SEARCH_USER_PATHS = NO;
				ASSETCATALOG_COMPILER_GENERATE_SWIFT_ASSET_SYMBOL_EXTENSIONS = YES;
				CLANG_ANALYZER_NONNULL = YES;
				CLANG_ANALYZER_NUMBER_OBJECT_CONVERSION = YES_AGGRESSIVE;
				CLANG_CXX_LANGUAGE_STANDARD = "gnu++20";
				CLANG_ENABLE_MODULES = YES;
				CLANG_ENABLE_OBJC_ARC = YES;
				CLANG_ENABLE_OBJC_WEAK = YES;
				CLANG_WARN_BLOCK_CAPTURE_AUTORELEASING = YES;
				CLANG_WARN_BOOL_CONVERSION = YES;
				CLANG_WARN_COMMA = YES;
				CLANG_WARN_CONSTANT_CONVERSION = YES;
				CLANG_WARN_DEPRECATED_OBJC_IMPLEMENTATIONS = YES;
				CLANG_WARN_DIRECT_OBJC_ISA_USAGE = YES_ERROR;
				CLANG_WARN_DOCUMENTATION_COMMENTS = YES;
				CLANG_WARN_EMPTY_BODY = YES;
				CLANG_WARN_ENUM_CONVERSION = YES;
				CLANG_WARN_INFINITE_RECURSION = YES;
				CLANG_WARN_INT_CONVERSION = YES;
				CLANG_WARN_NON_LITERAL_NULL_CONVERSION = YES;
				CLANG_WARN_OBJC_IMPLICIT_RETAIN_SELF = YES;
				CLANG_WARN_OBJC_LITERAL_CONVERSION = YES;
				CLANG_WARN_OBJC_ROOT_CLASS = YES_ERROR;
				CLANG_WARN_QUOTED_INCLUDE_IN_FRAMEWORK_HEADER = YES;
				CLANG_WARN_RANGE_LOOP_ANALYSIS = YES;
				CLANG_WARN_STRICT_PROTOTYPES = YES;
				CLANG_WARN_SUSPICIOUS_MOVE = YES;
				CLANG_WARN_UNGUARDED_AVAILABILITY = YES_AGGRESSIVE;
				CLANG_WARN_UNREACHABLE_CODE = YES;
				CLANG_WARN__DUPLICATE_METHOD_MATCH = YES;
				COPY_PHASE_STRIP = NO;
				DEBUG_INFORMATION_FORMAT = dwarf;
				ENABLE_STRICT_OBJC_MSGSEND = YES;
				ENABLE_TESTABILITY = YES;
				ENABLE_USER_SCRIPT_SANDBOXING = YES;
				GCC_C_LANGUAGE_STANDARD = gnu17;
				GCC_DYNAMIC_NO_PIC = NO;
				GCC_NO_COMMON_BLOCKS = YES;
				GCC_OPTIMIZATION_LEVEL = 0;
				GCC_PREPROCESSOR_DEFINITIONS = (
					"DEBUG=1",
					"$(inherited)",
				);
				GCC_WARN_64_TO_32_BIT_CONVERSION = YES;
				GCC_WARN_ABOUT_RETURN_TYPE = YES_ERROR;
				GCC_WARN_UNDECLARED_SELECTOR = YES;
				GCC_WARN_UNINITIALIZED_AUTOS = YES_AGGRESSIVE;
				GCC_WARN_UNUSED_FUNCTION = YES;
				GCC_WARN_UNUSED_VARIABLE = YES;
				IPHONEOS_DEPLOYMENT_TARGET = 17.2;
				LOCALIZATION_PREFERS_STRING_CATALOGS = YES;
				MTL_ENABLE_DEBUG_INFO = INCLUDE_SOURCE;
				MTL_FAST_MATH = YES;
				ONLY_ACTIVE_ARCH = YES;
				SDKROOT = iphoneos;
				SWIFT_ACTIVE_COMPILATION_CONDITIONS = "DEBUG $(inherited)";
				SWIFT_OPTIMIZATION_LEVEL = "-Onone";
			};
			name = Debug;
		};
		CF04584A2B63CB9700E3CB27 /* Release */ = {
			isa = XCBuildConfiguration;
			buildSettings = {
				ALWAYS_SEARCH_USER_PATHS = NO;
				ASSETCATALOG_COMPILER_GENERATE_SWIFT_ASSET_SYMBOL_EXTENSIONS = YES;
				CLANG_ANALYZER_NONNULL = YES;
				CLANG_ANALYZER_NUMBER_OBJECT_CONVERSION = YES_AGGRESSIVE;
				CLANG_CXX_LANGUAGE_STANDARD = "gnu++20";
				CLANG_ENABLE_MODULES = YES;
				CLANG_ENABLE_OBJC_ARC = YES;
				CLANG_ENABLE_OBJC_WEAK = YES;
				CLANG_WARN_BLOCK_CAPTURE_AUTORELEASING = YES;
				CLANG_WARN_BOOL_CONVERSION = YES;
				CLANG_WARN_COMMA = YES;
				CLANG_WARN_CONSTANT_CONVERSION = YES;
				CLANG_WARN_DEPRECATED_OBJC_IMPLEMENTATIONS = YES;
				CLANG_WARN_DIRECT_OBJC_ISA_USAGE = YES_ERROR;
				CLANG_WARN_DOCUMENTATION_COMMENTS = YES;
				CLANG_WARN_EMPTY_BODY = YES;
				CLANG_WARN_ENUM_CONVERSION = YES;
				CLANG_WARN_INFINITE_RECURSION = YES;
				CLANG_WARN_INT_CONVERSION = YES;
				CLANG_WARN_NON_LITERAL_NULL_CONVERSION = YES;
				CLANG_WARN_OBJC_IMPLICIT_RETAIN_SELF = YES;
				CLANG_WARN_OBJC_LITERAL_CONVERSION = YES;
				CLANG_WARN_OBJC_ROOT_CLASS = YES_ERROR;
				CLANG_WARN_QUOTED_INCLUDE_IN_FRAMEWORK_HEADER = YES;
				CLANG_WARN_RANGE_LOOP_ANALYSIS = YES;
				CLANG_WARN_STRICT_PROTOTYPES = YES;
				CLANG_WARN_SUSPICIOUS_MOVE = YES;
				CLANG_WARN_UNGUARDED_AVAILABILITY = YES_AGGRESSIVE;
				CLANG_WARN_UNREACHABLE_CODE = YES;
				CLANG_WARN__DUPLICATE_METHOD_MATCH = YES;
				COPY_PHASE_STRIP = NO;
				DEBUG_INFORMATION_FORMAT = "dwarf-with-dsym";
				ENABLE_NS_ASSERTIONS = NO;
				ENABLE_STRICT_OBJC_MSGSEND = YES;
				ENABLE_USER_SCRIPT_SANDBOXING = YES;
				GCC_C_LANGUAGE_STANDARD = gnu17;
				GCC_NO_COMMON_BLOCKS = YES;
				GCC_WARN_64_TO_32_BIT_CONVERSION = YES;
				GCC_WARN_ABOUT_RETURN_TYPE = YES_ERROR;
				GCC_WARN_UNDECLARED_SELECTOR = YES;
				GCC_WARN_UNINITIALIZED_AUTOS = YES_AGGRESSIVE;
				GCC_WARN_UNUSED_FUNCTION = YES;
				GCC_WARN_UNUSED_VARIABLE = YES;
				IPHONEOS_DEPLOYMENT_TARGET = 17.2;
				LOCALIZATION_PREFERS_STRING_CATALOGS = YES;
				MTL_ENABLE_DEBUG_INFO = NO;
				MTL_FAST_MATH = YES;
				SDKROOT = iphoneos;
				SWIFT_COMPILATION_MODE = wholemodule;
				VALIDATE_PRODUCT = YES;
			};
			name = Release;
		};
		CF04584C2B63CB9700E3CB27 /* Debug */ = {
			isa = XCBuildConfiguration;
			buildSettings = {
				ASSETCATALOG_COMPILER_APPICON_NAME = AppIcon;
				ASSETCATALOG_COMPILER_GLOBAL_ACCENT_COLOR_NAME = AccentColor;
				CODE_SIGN_STYLE = Automatic;
				CURRENT_PROJECT_VERSION = 1;
				DEVELOPMENT_TEAM = 9U2442PUVK;
				GENERATE_INFOPLIST_FILE = YES;
				INFOPLIST_FILE = HenryPotier/Info.plist;
				INFOPLIST_KEY_UIApplicationSupportsIndirectInputEvents = YES;
				INFOPLIST_KEY_UILaunchStoryboardName = LaunchScreen;
				INFOPLIST_KEY_UIMainStoryboardFile = "";
				INFOPLIST_KEY_UISupportedInterfaceOrientations_iPad = "UIInterfaceOrientationPortrait UIInterfaceOrientationPortraitUpsideDown UIInterfaceOrientationLandscapeLeft UIInterfaceOrientationLandscapeRight";
				INFOPLIST_KEY_UISupportedInterfaceOrientations_iPhone = "UIInterfaceOrientationPortrait UIInterfaceOrientationLandscapeLeft UIInterfaceOrientationLandscapeRight";
				LD_RUNPATH_SEARCH_PATHS = (
					"$(inherited)",
					"@executable_path/Frameworks",
				);
				MARKETING_VERSION = 1.0;
				PRODUCT_BUNDLE_IDENTIFIER = com.zerouta.wassim.HenryPotier;
				PRODUCT_NAME = "$(TARGET_NAME)";
				SWIFT_EMIT_LOC_STRINGS = YES;
				SWIFT_VERSION = 5.0;
				TARGETED_DEVICE_FAMILY = "1,2";
			};
			name = Debug;
		};
		CF04584D2B63CB9700E3CB27 /* Release */ = {
			isa = XCBuildConfiguration;
			buildSettings = {
				ASSETCATALOG_COMPILER_APPICON_NAME = AppIcon;
				ASSETCATALOG_COMPILER_GLOBAL_ACCENT_COLOR_NAME = AccentColor;
				CODE_SIGN_STYLE = Automatic;
				CURRENT_PROJECT_VERSION = 1;
				DEVELOPMENT_TEAM = 9U2442PUVK;
				GENERATE_INFOPLIST_FILE = YES;
				INFOPLIST_FILE = HenryPotier/Info.plist;
				INFOPLIST_KEY_UIApplicationSupportsIndirectInputEvents = YES;
				INFOPLIST_KEY_UILaunchStoryboardName = LaunchScreen;
				INFOPLIST_KEY_UIMainStoryboardFile = "";
				INFOPLIST_KEY_UISupportedInterfaceOrientations_iPad = "UIInterfaceOrientationPortrait UIInterfaceOrientationPortraitUpsideDown UIInterfaceOrientationLandscapeLeft UIInterfaceOrientationLandscapeRight";
				INFOPLIST_KEY_UISupportedInterfaceOrientations_iPhone = "UIInterfaceOrientationPortrait UIInterfaceOrientationLandscapeLeft UIInterfaceOrientationLandscapeRight";
				LD_RUNPATH_SEARCH_PATHS = (
					"$(inherited)",
					"@executable_path/Frameworks",
				);
				MARKETING_VERSION = 1.0;
				PRODUCT_BUNDLE_IDENTIFIER = com.zerouta.wassim.HenryPotier;
				PRODUCT_NAME = "$(TARGET_NAME)";
				SWIFT_EMIT_LOC_STRINGS = YES;
				SWIFT_VERSION = 5.0;
				TARGETED_DEVICE_FAMILY = "1,2";
			};
			name = Release;
		};
/* End XCBuildConfiguration section */

/* Begin XCConfigurationList section */
		CF0458322B63CB9600E3CB27 /* Build configuration list for PBXProject "HenryPotier" */ = {
			isa = XCConfigurationList;
			buildConfigurations = (
				CF0458492B63CB9700E3CB27 /* Debug */,
				CF04584A2B63CB9700E3CB27 /* Release */,
			);
			defaultConfigurationIsVisible = 0;
			defaultConfigurationName = Release;
		};
		CF04584B2B63CB9700E3CB27 /* Build configuration list for PBXNativeTarget "HenryPotier" */ = {
			isa = XCConfigurationList;
			buildConfigurations = (
				CF04584C2B63CB9700E3CB27 /* Debug */,
				CF04584D2B63CB9700E3CB27 /* Release */,
			);
			defaultConfigurationIsVisible = 0;
			defaultConfigurationName = Release;
		};
/* End XCConfigurationList section */

/* Begin XCRemoteSwiftPackageReference section */
		CF04585C2B66E86E00E3CB27 /* XCRemoteSwiftPackageReference "RxSwift" */ = {
			isa = XCRemoteSwiftPackageReference;
			repositoryURL = "https://github.com/ReactiveX/RxSwift.git";
			requirement = {
				kind = upToNextMajorVersion;
				minimumVersion = 6.6.0;
			};
		};
		CF04586E2B6839E400E3CB27 /* XCRemoteSwiftPackageReference "Hero" */ = {
			isa = XCRemoteSwiftPackageReference;
			repositoryURL = "https://github.com/HeroTransitions/Hero.git";
			requirement = {
				kind = upToNextMajorVersion;
				minimumVersion = 1.6.2;
			};
		};
/* End XCRemoteSwiftPackageReference section */

/* Begin XCSwiftPackageProductDependency section */
		CF04585D2B66E86E00E3CB27 /* RxBlocking */ = {
			isa = XCSwiftPackageProductDependency;
			package = CF04585C2B66E86E00E3CB27 /* XCRemoteSwiftPackageReference "RxSwift" */;
			productName = RxBlocking;
		};
		CF04585F2B66E86E00E3CB27 /* RxBlocking-Dynamic */ = {
			isa = XCSwiftPackageProductDependency;
			package = CF04585C2B66E86E00E3CB27 /* XCRemoteSwiftPackageReference "RxSwift" */;
			productName = "RxBlocking-Dynamic";
		};
		CF0458612B66E86E00E3CB27 /* RxCocoa */ = {
			isa = XCSwiftPackageProductDependency;
			package = CF04585C2B66E86E00E3CB27 /* XCRemoteSwiftPackageReference "RxSwift" */;
			productName = RxCocoa;
		};
		CF0458632B66E86E00E3CB27 /* RxCocoa-Dynamic */ = {
			isa = XCSwiftPackageProductDependency;
			package = CF04585C2B66E86E00E3CB27 /* XCRemoteSwiftPackageReference "RxSwift" */;
			productName = "RxCocoa-Dynamic";
		};
		CF0458652B66E86E00E3CB27 /* RxRelay */ = {
			isa = XCSwiftPackageProductDependency;
			package = CF04585C2B66E86E00E3CB27 /* XCRemoteSwiftPackageReference "RxSwift" */;
			productName = RxRelay;
		};
		CF04586F2B6839E400E3CB27 /* Hero */ = {
			isa = XCSwiftPackageProductDependency;
			package = CF04586E2B6839E400E3CB27 /* XCRemoteSwiftPackageReference "Hero" */;
			productName = Hero;
		};
/* End XCSwiftPackageProductDependency section */
	};
	rootObject = CF04582F2B63CB9600E3CB27 /* Project object */;
}
